
Microsoft Visual Studio Solution File, Format Version 12.00
# Visual Studio Version 16
VisualStudioVersion = 16.0.31424.327
MinimumVisualStudioVersion = 10.0.40219.1
Project("{2150E333-8FDC-42A3-9474-1A3956D46DE8}") = "Common", "Common", "{F252C935-16B9-4633-88F5-1FE987C159AD}"
EndProject
Project("{9A19103F-16F7-4668-BE54-9A1E7A4F7556}") = "PluginBase", "PluginBase\PluginBase.csproj", "{CDD93A4A-8A37-4A83-8060-4530F33FD53E}"
EndProject
Project("{9A19103F-16F7-4668-BE54-9A1E7A4F7556}") = "PluginsHandler", "PluginsHandler\PluginsHandler.csproj", "{EE00C58E-B5C8-47F6-BFD0-B592360B9F14}"
EndProject
Project("{2150E333-8FDC-42A3-9474-1A3956D46DE8}") = "Plugins", "Plugins", "{EF000D8A-C571-4FED-9D76-09B0B0E087B8}"
EndProject
Project("{9A19103F-16F7-4668-BE54-9A1E7A4F7556}") = "SimplePlugin1", "SimplePlugin1\SimplePlugin1.csproj", "{BF176867-C8A8-4A0D-BDCC-3C8C49E82C83}"
EndProject
Project("{9A19103F-16F7-4668-BE54-9A1E7A4F7556}") = "SimplePlugin2", "SimplePlugin2\SimplePlugin2.csproj", "{00A2ADF2-341D-4933-8428-F984E0DC18D0}"
EndProject
Project("{9A19103F-16F7-4668-BE54-9A1E7A4F7556}") = "DbPlugin1", "DbPlugin1\DbPlugin1.csproj", "{89213E38-38A4-4A0A-BCAC-F085538D6A73}"
EndProject
Project("{9A19103F-16F7-4668-BE54-9A1E7A4F7556}") = "DbPlugin2", "DbPlugin2\DbPlugin2.csproj", "{B026886C-45E2-43A8-97BF-0B7E03CE2081}"
EndProject
Project("{2150E333-8FDC-42A3-9474-1A3956D46DE8}") = "Solution Items", "Solution Items", "{7DC0E7FF-1FA3-4F38-ABD4-67B383FD264C}"
	ProjectSection(SolutionItems) = preProject
		LICENSE.txt = LICENSE.txt
		README.md = README.md
	EndProjectSection
EndProject
Project("{9A19103F-16F7-4668-BE54-9A1E7A4F7556}") = "ExpandableCLI", "ExpandableCLI\ExpandableCLI.csproj", "{F4EC549A-6EC4-4DD3-88DC-55BDD83E3EAA}"
	ProjectSection(ProjectDependencies) = postProject
		{89213E38-38A4-4A0A-BCAC-F085538D6A73} = {89213E38-38A4-4A0A-BCAC-F085538D6A73}
		{BF176867-C8A8-4A0D-BDCC-3C8C49E82C83} = {BF176867-C8A8-4A0D-BDCC-3C8C49E82C83}
		{B026886C-45E2-43A8-97BF-0B7E03CE2081} = {B026886C-45E2-43A8-97BF-0B7E03CE2081}
		{00A2ADF2-341D-4933-8428-F984E0DC18D0} = {00A2ADF2-341D-4933-8428-F984E0DC18D0}
	EndProjectSection
EndProject
Global
	GlobalSection(SolutionConfigurationPlatforms) = preSolution
		Debug|Any CPU = Debug|Any CPU
		Release|Any CPU = Release|Any CPU
	EndGlobalSection
	GlobalSection(ProjectConfigurationPlatforms) = postSolution
		{CDD93A4A-8A37-4A83-8060-4530F33FD53E}.Debug|Any CPU.ActiveCfg = Debug|Any CPU
		{CDD93A4A-8A37-4A83-8060-4530F33FD53E}.Debug|Any CPU.Build.0 = Debug|Any CPU
		{CDD93A4A-8A37-4A83-8060-4530F33FD53E}.Release|Any CPU.ActiveCfg = Release|Any CPU
		{CDD93A4A-8A37-4A83-8060-4530F33FD53E}.Release|Any CPU.Build.0 = Release|Any CPU
		{EE00C58E-B5C8-47F6-BFD0-B592360B9F14}.Debug|Any CPU.ActiveCfg = Debug|Any CPU
		{EE00C58E-B5C8-47F6-BFD0-B592360B9F14}.Debug|Any CPU.Build.0 = Debug|Any CPU
		{EE00C58E-B5C8-47F6-BFD0-B592360B9F14}.Release|Any CPU.ActiveCfg = Release|Any CPU
		{EE00C58E-B5C8-47F6-BFD0-B592360B9F14}.Release|Any CPU.Build.0 = Release|Any CPU
		{BF176867-C8A8-4A0D-BDCC-3C8C49E82C83}.Debug|Any CPU.ActiveCfg = Debug|Any CPU
		{BF176867-C8A8-4A0D-BDCC-3C8C49E82C83}.Debug|Any CPU.Build.0 = Debug|Any CPU
		{BF176867-C8A8-4A0D-BDCC-3C8C49E82C83}.Release|Any CPU.ActiveCfg = Release|Any CPU
		{BF176867-C8A8-4A0D-BDCC-3C8C49E82C83}.Release|Any CPU.Build.0 = Release|Any CPU
		{00A2ADF2-341D-4933-8428-F984E0DC18D0}.Debug|Any CPU.ActiveCfg = Debug|Any CPU
		{00A2ADF2-341D-4933-8428-F984E0DC18D0}.Debug|Any CPU.Build.0 = Debug|Any CPU
		{00A2ADF2-341D-4933-8428-F984E0DC18D0}.Release|Any CPU.ActiveCfg = Release|Any CPU
		{00A2ADF2-341D-4933-8428-F984E0DC18D0}.Release|Any CPU.Build.0 = Release|Any CPU
		{89213E38-38A4-4A0A-BCAC-F085538D6A73}.Debug|Any CPU.ActiveCfg = Debug|Any CPU
		{89213E38-38A4-4A0A-BCAC-F085538D6A73}.Debug|Any CPU.Build.0 = Debug|Any CPU
		{89213E38-38A4-4A0A-BCAC-F085538D6A73}.Release|Any CPU.ActiveCfg = Release|Any CPU
		{89213E38-38A4-4A0A-BCAC-F085538D6A73}.Release|Any CPU.Build.0 = Release|Any CPU
		{B026886C-45E2-43A8-97BF-0B7E03CE2081}.Debug|Any CPU.ActiveCfg = Debug|Any CPU
		{B026886C-45E2-43A8-97BF-0B7E03CE2081}.Debug|Any CPU.Build.0 = Debug|Any CPU
		{B026886C-45E2-43A8-97BF-0B7E03CE2081}.Release|Any CPU.ActiveCfg = Release|Any CPU
		{B026886C-45E2-43A8-97BF-0B7E03CE2081}.Release|Any CPU.Build.0 = Release|Any CPU
		{F4EC549A-6EC4-4DD3-88DC-55BDD83E3EAA}.Debug|Any CPU.ActiveCfg = Debug|Any CPU
		{F4EC549A-6EC4-4DD3-88DC-55BDD83E3EAA}.Debug|Any CPU.Build.0 = Debug|Any CPU
		{F4EC549A-6EC4-4DD3-88DC-55BDD83E3EAA}.Release|Any CPU.ActiveCfg = Release|Any CPU
		{F4EC549A-6EC4-4DD3-88DC-55BDD83E3EAA}.Release|Any CPU.Build.0 = Release|Any CPU
	EndGlobalSection
	GlobalSection(SolutionProperties) = preSolution
		HideSolutionNode = FALSE
	EndGlobalSection
	GlobalSection(NestedProjects) = preSolution
		{CDD93A4A-8A37-4A83-8060-4530F33FD53E} = {F252C935-16B9-4633-88F5-1FE987C159AD}
		{EE00C58E-B5C8-47F6-BFD0-B592360B9F14} = {F252C935-16B9-4633-88F5-1FE987C159AD}
		{BF176867-C8A8-4A0D-BDCC-3C8C49E82C83} = {EF000D8A-C571-4FED-9D76-09B0B0E087B8}
		{00A2ADF2-341D-4933-8428-F984E0DC18D0} = {EF000D8A-C571-4FED-9D76-09B0B0E087B8}
		{89213E38-38A4-4A0A-BCAC-F085538D6A73} = {EF000D8A-C571-4FED-9D76-09B0B0E087B8}
		{B026886C-45E2-43A8-97BF-0B7E03CE2081} = {EF000D8A-C571-4FED-9D76-09B0B0E087B8}
	EndGlobalSection
	GlobalSection(ExtensibilityGlobals) = postSolution
		SolutionGuid = {8A5DA7DD-4B18-42DC-9B34-C650C82AE6F0}
	EndGlobalSection
EndGlobal
